
Microsoft Visual Studio Solution File, Format Version 12.00
# Visual Studio Version 16
VisualStudioVersion = 16.0.29001.49
MinimumVisualStudioVersion = 10.0.40219.1
Project("{FAE04EC0-301F-11D3-BF4B-00C04F79EFBC}") = "NugetWorkshop", "NugetWorkshop\NugetWorkshop.csproj", "{621F6AF3-0CF1-42A2-BE85-32AA76213B76}"
EndProject
Project("{9A19103F-16F7-4668-BE54-9A1E7A4F7556}") = "SloganMaker", "SloganMaker\SloganMaker.csproj", "{C29983EA-2564-4F5B-B55C-C0DCF282534E}"
EndProject
Global
	GlobalSection(SolutionConfigurationPlatforms) = preSolution
		Debug|Any CPU = Debug|Any CPU
		Release|Any CPU = Release|Any CPU
	EndGlobalSection
	GlobalSection(ProjectConfigurationPlatforms) = postSolution
		{621F6AF3-0CF1-42A2-BE85-32AA76213B76}.Debug|Any CPU.ActiveCfg = Debug|Any CPU
		{621F6AF3-0CF1-42A2-BE85-32AA76213B76}.Debug|Any CPU.Build.0 = Debug|Any CPU
		{621F6AF3-0CF1-42A2-BE85-32AA76213B76}.Release|Any CPU.ActiveCfg = Release|Any CPU
		{621F6AF3-0CF1-42A2-BE85-32AA76213B76}.Release|Any CPU.Build.0 = Release|Any CPU
		{C29983EA-2564-4F5B-B55C-C0DCF282534E}.Debug|Any CPU.ActiveCfg = Debug|Any CPU
		{C29983EA-2564-4F5B-B55C-C0DCF282534E}.Debug|Any CPU.Build.0 = Debug|Any CPU
		{C29983EA-2564-4F5B-B55C-C0DCF282534E}.Release|Any CPU.ActiveCfg = Release|Any CPU
		{C29983EA-2564-4F5B-B55C-C0DCF282534E}.Release|Any CPU.Build.0 = Release|Any CPU
	EndGlobalSection
	GlobalSection(SolutionProperties) = preSolution
		HideSolutionNode = FALSE
	EndGlobalSection
	GlobalSection(ExtensibilityGlobals) = postSolution
		SolutionGuid = {36E98C74-972B-4F31-A640-3541B8508D0E}
	EndGlobalSection
EndGlobal
